Microsoft Visual Studio Solution File, Format Version 12.00
# Visual Studio Version 17
VisualStudioVersion = 17.5.2.0
MinimumVisualStudioVersion = 10.0.40219.1
Project("{FAE04EC0-301F-11D3-BF4B-00C04F79EFBC}") = "GetSetValidation", "GetSetValidation.csproj", "{E4D23B07-B2F8-BBE8-68B0-FDF307D1DE6D}"
EndProject
Global
	GlobalSection(SolutionConfigurationPlatforms) = preSolution
		Debug|Any CPU = Debug|Any CPU
		Release|Any CPU = Release|Any CPU
	EndGlobalSection
	GlobalSection(ProjectConfigurationPlatforms) = postSolution
		{E4D23B07-B2F8-BBE8-68B0-FDF307D1DE6D}.Debug|Any CPU.ActiveCfg = Debug|Any CPU
		{E4D23B07-B2F8-BBE8-68B0-FDF307D1DE6D}.Debug|Any CPU.Build.0 = Debug|Any CPU
		{E4D23B07-B2F8-BBE8-68B0-FDF307D1DE6D}.Release|Any CPU.ActiveCfg = Release|Any CPU
		{E4D23B07-B2F8-BBE8-68B0-FDF307D1DE6D}.Release|Any CPU.Build.0 = Release|Any CPU
	EndGlobalSection
	GlobalSection(SolutionProperties) = preSolution
		HideSolutionNode = FALSE
	EndGlobalSection
	GlobalSection(ExtensibilityGlobals) = postSolution
		SolutionGuid = {6C21E668-E2F6-4081-8A8C-F159D4968F45}
	EndGlobalSection
EndGlobal
